
Microsoft Visual Studio Solution File, Format Version 12.00
Project("{FAE04EC0-301F-11D3-BF4B-00C04F79EFBC}") = "mamadotnet", "mama\dotnet\src\cs\mamadotnet.csproj", "{DC4C503F-9820-4828-B77F-1954B94F15B5}"
EndProject
Project("{2150E333-8FDC-42A3-9474-1A3956D46DE8}") = "mama", "mama", "{062191CF-BADC-4077-98CD-00AE07E52F02}"
EndProject
Project("{2150E333-8FDC-42A3-9474-1A3956D46DE8}") = "examples", "examples", "{98DED9E2-4571-462C-A884-BBF782786F95}"
EndProject
Project("{2150E333-8FDC-42A3-9474-1A3956D46DE8}") = "mamda", "mamda", "{18C3AB8F-9D5F-4179-8217-EC1C65DB4103}"
EndProject
Project("{2150E333-8FDC-42A3-9474-1A3956D46DE8}") = "examples", "examples", "{670CD9CE-EA89-4DE0-BBF6-5E374D0BE2C1}"
EndProject
Project("{FAE04EC0-301F-11D3-BF4B-00C04F79EFBC}") = "mamadotnetunittests", "mama\dotnet\src\nunittest\mamadotnetunittests.csproj", "{F6FE13CA-0CAF-474D-8077-A7D6CC836AF4}"
EndProject
Project("{FAE04EC0-301F-11D3-BF4B-00C04F79EFBC}") = "MamaInboxCS", "mama\dotnet\src\examples\MamaInbox\MamaInboxCS.csproj", "{EA7F46DF-6829-463B-9795-3878E206F747}"
EndProject
Project("{2150E333-8FDC-42A3-9474-1A3956D46DE8}") = "testtools", "testtools", "{0F15FD8B-29D4-411E-BF91-75F8482321E2}"
EndProject
Project("{FAE04EC0-301F-11D3-BF4B-00C04F79EFBC}") = "MamdaBookSelfTestCS", "mamda\dotnet\src\testtools\MamdaBookSelfTestCS\MamdaBookSelfTestCS.csproj", "{A03BDA7C-2421-4A88-8E6F-8BF432C59162}"
EndProject
Project("{FAE04EC0-301F-11D3-BF4B-00C04F79EFBC}") = "mamdadotnet", "mamda\dotnet\src\cs\mamdadotnet.csproj", "{A145B4EF-D5D2-4939-9F06-3C48B4E02C1B}"
EndProject
Project("{FAE04EC0-301F-11D3-BF4B-00C04F79EFBC}") = "mamdadotnetunittests", "mamda\dotnet\src\NUnittest\mamdadotnetunittests.csproj", "{C5974C2E-0951-46AC-9171-6F4BF732718F}"
EndProject
Project("{2150E333-8FDC-42A3-9474-1A3956D46DE8}") = "testtools", "testtools", "{AE240B84-E4CE-4CF6-B540-D5AD345053C0}"
EndProject
Project("{FAE04EC0-301F-11D3-BF4B-00C04F79EFBC}") = "MamaChurnCS", "mama\dotnet\src\testtools\load\MamaChurn\MamaChurnCS.csproj", "{5531F1EC-44C1-4A84-99C0-02FD54BFB961}"
EndProject
Project("{FAE04EC0-301F-11D3-BF4B-00C04F79EFBC}") = "MamaFtMemberCS", "mama\dotnet\src\examples\MamaFtMember\MamaFtMemberCS.csproj", "{5B66FDE5-1E65-4189-A0EA-61111F200B68}"
EndProject
Project("{FAE04EC0-301F-11D3-BF4B-00C04F79EFBC}") = "MamaIoCS", "mama\dotnet\src\examples\MamaIo\MamaIoCS.csproj", "{B440FB8B-D9A0-4379-AEE0-9B8EBEBDA646}"
EndProject
Project("{FAE04EC0-301F-11D3-BF4B-00C04F79EFBC}") = "MamaListenCS", "mama\dotnet\src\examples\MamaListen\MamaListenCS.csproj", "{F153565C-DC88-4513-A8E0-FDD74EC57B1F}"
EndProject
Project("{FAE04EC0-301F-11D3-BF4B-00C04F79EFBC}") = "MamaMultiSubscriberCS", "mama\dotnet\src\examples\MamaMultiSubscriber\MamaMultiSubscriberCS.csproj", "{D7D3F0CE-2EB3-4F09-8B24-3F28755D41D6}"
EndProject
Project("{FAE04EC0-301F-11D3-BF4B-00C04F79EFBC}") = "MamaPublisherCS", "mama\dotnet\src\examples\MamaPublisher\MamaPublisherCS.csproj", "{AE4932D9-4D29-4F48-A6C4-09A3A723AD89}"
EndProject
Project("{FAE04EC0-301F-11D3-BF4B-00C04F79EFBC}") = "MamaSubscriberCS", "mama\dotnet\src\examples\MamaSubscriber\MamaSubscriberCS.csproj", "{CB49BA51-C651-4A63-9760-E72BEAFD3CA9}"
EndProject
Project("{FAE04EC0-301F-11D3-BF4B-00C04F79EFBC}") = "MamaSymbolListSubscriberCS", "mama\dotnet\src\examples\MamaSymbolListSubscriber\MamaSymbolListSubscriberCS.csproj", "{25230F83-4A11-4951-AF07-3752774D83CF}"
EndProject
Project("{FAE04EC0-301F-11D3-BF4B-00C04F79EFBC}") = "MamdaAtomicBookTickerCS", "mamda\dotnet\src\examples\MamdaAtomicBookTicker\MamdaAtomicBookTickerCS.csproj", "{D6D42CDF-A1BB-4032-8A3B-DDAF7CF1859E}"
EndProject
Project("{FAE04EC0-301F-11D3-BF4B-00C04F79EFBC}") = "MamdaAuctionTickerCS", "mamda\dotnet\src\examples\MamdaAuctionTicker\MamdaAuctionTickerCS.csproj", "{193FD473-758A-4382-9AFD-F182D5D377E9}"
EndProject
Project("{FAE04EC0-301F-11D3-BF4B-00C04F79EFBC}") = "MamdaBookChurnCS", "mamda\dotnet\src\examples\MamdaBookChurn\MamdaBookChurnCS.csproj", "{20AC0146-163D-45A4-8949-2F0DFB5BE508}"
EndProject
Project("{FAE04EC0-301F-11D3-BF4B-00C04F79EFBC}") = "MamdaBookTickerCS", "mamda\dotnet\src\examples\MamdaBookTicker\MamdaBookTickerCS.csproj", "{FF603840-564C-47E1-96AC-F26A2FD0003A}"
EndProject
Project("{FAE04EC0-301F-11D3-BF4B-00C04F79EFBC}") = "MamdaComboTickerCS", "mamda\dotnet\src\examples\MamdaComboTicker\MamdaComboTickerCS.csproj", "{7B8366E7-D4EC-4FA8-9C5E-D5807B885927}"
EndProject
Project("{FAE04EC0-301F-11D3-BF4B-00C04F79EFBC}") = "mamdaexamplescommon", "mamda\dotnet\src\examples\MamdaExamplesCommon\mamdaexamplescommon.csproj", "{08D4326A-BC56-4035-85C6-00429641BE7B}"
EndProject
Project("{FAE04EC0-301F-11D3-BF4B-00C04F79EFBC}") = "MamdaFundamentalTickerCS", "mamda\dotnet\src\examples\MamdaFundamentalTicker\MamdaFundamentalTickerCS.csproj", "{12D91F74-6471-49AB-A066-514D73ACC58F}"
EndProject
Project("{FAE04EC0-301F-11D3-BF4B-00C04F79EFBC}") = "MamdaListenCS", "mamda\dotnet\src\examples\MamdaListen\MamdaListenCS.csproj", "{BA21278A-2F82-4DDB-B9B9-79A8AB63CF8D}"
EndProject
Project("{FAE04EC0-301F-11D3-BF4B-00C04F79EFBC}") = "MamdaMultiPartTickerCS", "mamda\dotnet\src\examples\MamdaMultiPartTicker\MamdaMultiPartTickerCS.csproj", "{9D127BE9-2D6F-4624-BAF4-314A9FC296A9}"
EndProject
Project("{FAE04EC0-301F-11D3-BF4B-00C04F79EFBC}") = "MamdaMultiSecurityTickerCS", "mamda\dotnet\src\examples\MamdaMultiSecurityTicker\MamdaMultiSecurityTickerCS.csproj", "{A5B71B20-D8C9-4FB1-82D6-14A0CC5CB58B}"
EndProject
Project("{FAE04EC0-301F-11D3-BF4B-00C04F79EFBC}") = "MamdaOptionChainExampleCS", "mamda\dotnet\src\examples\MamdaOptionChainExample\MamdaOptionChainExampleCS.csproj", "{FF2046D9-604E-47BB-ABDD-6BDB04F739F0}"
EndProject
Project("{FAE04EC0-301F-11D3-BF4B-00C04F79EFBC}") = "MamdaOptionChainViewExampleCS", "mamda\dotnet\src\examples\MamdaOptionChainViewExample\MamdaOptionChainViewExampleCS.csproj", "{7D4F460F-3B1B-45A8-906F-EA37829EE15A}"
EndProject
Project("{FAE04EC0-301F-11D3-BF4B-00C04F79EFBC}") = "MamdaQuoteTickerCS", "mamda\dotnet\src\examples\MamdaQuoteTicker\MamdaQuoteTickerCS.csproj", "{6B416B27-D571-4237-A8A3-1180458422AA}"
EndProject
Project("{FAE04EC0-301F-11D3-BF4B-00C04F79EFBC}") = "MamdaSecStatusTickerCS", "mamda\dotnet\src\examples\MamdaSecStatusTicker\MamdaSecStatusTickerCS.csproj", "{48B72E3F-A0C6-4343-9B37-A695EFB17500}"
EndProject
Project("{FAE04EC0-301F-11D3-BF4B-00C04F79EFBC}") = "MamdaTradeTickerCS", "mamda\dotnet\src\examples\MamdaTradeTicker\MamdaTradeTickerCS.csproj", "{8218434D-746A-4B94-92CF-E8F1E4390059}"
EndProject
Project("{2150E333-8FDC-42A3-9474-1A3956D46DE8}") = "tutorials", "tutorials", "{1362AFE2-1C06-46E7-BD39-83519F210F20}"
EndProject
Project("{FAE04EC0-301F-11D3-BF4B-00C04F79EFBC}") = "01-quickstart", "tutorials\csharp\01-quickstart\01-quickstart.csproj", "{D4394ED3-EC18-47EC-89A3-BA935E6C3A61}"
EndProject
Project("{FAE04EC0-301F-11D3-BF4B-00C04F79EFBC}") = "02-resourcepool", "tutorials\csharp\02-resourcepool\02-resourcepool.csproj", "{AC1F495A-43E6-4509-B7EB-E961C7D1BD24}"
EndProject
Global
	GlobalSection(SolutionConfigurationPlatforms) = preSolution
		Debug|Any CPU = Debug|Any CPU
		Release|Any CPU = Release|Any CPU
	EndGlobalSection
	GlobalSection(ProjectConfigurationPlatforms) = postSolution
		{DC4C503F-9820-4828-B77F-1954B94F15B5}.Debug|Any CPU.ActiveCfg = Debug|Any CPU
		{DC4C503F-9820-4828-B77F-1954B94F15B5}.Debug|Any CPU.Build.0 = Debug|Any CPU
		{DC4C503F-9820-4828-B77F-1954B94F15B5}.Release|Any CPU.ActiveCfg = Release|Any CPU
		{DC4C503F-9820-4828-B77F-1954B94F15B5}.Release|Any CPU.Build.0 = Release|Any CPU
		{F6FE13CA-0CAF-474D-8077-A7D6CC836AF4}.Debug|Any CPU.ActiveCfg = Debug|Any CPU
		{F6FE13CA-0CAF-474D-8077-A7D6CC836AF4}.Debug|Any CPU.Build.0 = Debug|Any CPU
		{F6FE13CA-0CAF-474D-8077-A7D6CC836AF4}.Release|Any CPU.ActiveCfg = Release|Any CPU
		{F6FE13CA-0CAF-474D-8077-A7D6CC836AF4}.Release|Any CPU.Build.0 = Release|Any CPU
		{EA7F46DF-6829-463B-9795-3878E206F747}.Debug|Any CPU.ActiveCfg = Debug|Any CPU
		{EA7F46DF-6829-463B-9795-3878E206F747}.Debug|Any CPU.Build.0 = Debug|Any CPU
		{EA7F46DF-6829-463B-9795-3878E206F747}.Release|Any CPU.ActiveCfg = Release|Any CPU
		{EA7F46DF-6829-463B-9795-3878E206F747}.Release|Any CPU.Build.0 = Release|Any CPU
		{A03BDA7C-2421-4A88-8E6F-8BF432C59162}.Debug|Any CPU.ActiveCfg = Debug|Any CPU
		{A03BDA7C-2421-4A88-8E6F-8BF432C59162}.Debug|Any CPU.Build.0 = Debug|Any CPU
		{A03BDA7C-2421-4A88-8E6F-8BF432C59162}.Release|Any CPU.ActiveCfg = Release|Any CPU
		{A03BDA7C-2421-4A88-8E6F-8BF432C59162}.Release|Any CPU.Build.0 = Release|Any CPU
		{A145B4EF-D5D2-4939-9F06-3C48B4E02C1B}.Debug|Any CPU.ActiveCfg = Debug|Any CPU
		{A145B4EF-D5D2-4939-9F06-3C48B4E02C1B}.Debug|Any CPU.Build.0 = Debug|Any CPU
		{A145B4EF-D5D2-4939-9F06-3C48B4E02C1B}.Release|Any CPU.ActiveCfg = Release|Any CPU
		{A145B4EF-D5D2-4939-9F06-3C48B4E02C1B}.Release|Any CPU.Build.0 = Release|Any CPU
		{C5974C2E-0951-46AC-9171-6F4BF732718F}.Debug|Any CPU.ActiveCfg = Debug|Any CPU
		{C5974C2E-0951-46AC-9171-6F4BF732718F}.Debug|Any CPU.Build.0 = Debug|Any CPU
		{C5974C2E-0951-46AC-9171-6F4BF732718F}.Release|Any CPU.ActiveCfg = Release|Any CPU
		{C5974C2E-0951-46AC-9171-6F4BF732718F}.Release|Any CPU.Build.0 = Release|Any CPU
		{5531F1EC-44C1-4A84-99C0-02FD54BFB961}.Debug|Any CPU.ActiveCfg = Debug|Any CPU
		{5531F1EC-44C1-4A84-99C0-02FD54BFB961}.Debug|Any CPU.Build.0 = Debug|Any CPU
		{5531F1EC-44C1-4A84-99C0-02FD54BFB961}.Release|Any CPU.ActiveCfg = Release|Any CPU
		{5531F1EC-44C1-4A84-99C0-02FD54BFB961}.Release|Any CPU.Build.0 = Release|Any CPU
		{5B66FDE5-1E65-4189-A0EA-61111F200B68}.Debug|Any CPU.ActiveCfg = Debug|Any CPU
		{5B66FDE5-1E65-4189-A0EA-61111F200B68}.Debug|Any CPU.Build.0 = Debug|Any CPU
		{5B66FDE5-1E65-4189-A0EA-61111F200B68}.Release|Any CPU.ActiveCfg = Release|Any CPU
		{5B66FDE5-1E65-4189-A0EA-61111F200B68}.Release|Any CPU.Build.0 = Release|Any CPU
		{B440FB8B-D9A0-4379-AEE0-9B8EBEBDA646}.Debug|Any CPU.ActiveCfg = Debug|Any CPU
		{B440FB8B-D9A0-4379-AEE0-9B8EBEBDA646}.Debug|Any CPU.Build.0 = Debug|Any CPU
		{B440FB8B-D9A0-4379-AEE0-9B8EBEBDA646}.Release|Any CPU.ActiveCfg = Release|Any CPU
		{B440FB8B-D9A0-4379-AEE0-9B8EBEBDA646}.Release|Any CPU.Build.0 = Release|Any CPU
		{F153565C-DC88-4513-A8E0-FDD74EC57B1F}.Debug|Any CPU.ActiveCfg = Debug|Any CPU
		{F153565C-DC88-4513-A8E0-FDD74EC57B1F}.Debug|Any CPU.Build.0 = Debug|Any CPU
		{F153565C-DC88-4513-A8E0-FDD74EC57B1F}.Release|Any CPU.ActiveCfg = Release|Any CPU
		{F153565C-DC88-4513-A8E0-FDD74EC57B1F}.Release|Any CPU.Build.0 = Release|Any CPU
		{D7D3F0CE-2EB3-4F09-8B24-3F28755D41D6}.Debug|Any CPU.ActiveCfg = Debug|Any CPU
		{D7D3F0CE-2EB3-4F09-8B24-3F28755D41D6}.Debug|Any CPU.Build.0 = Debug|Any CPU
		{D7D3F0CE-2EB3-4F09-8B24-3F28755D41D6}.Release|Any CPU.ActiveCfg = Release|Any CPU
		{D7D3F0CE-2EB3-4F09-8B24-3F28755D41D6}.Release|Any CPU.Build.0 = Release|Any CPU
		{AE4932D9-4D29-4F48-A6C4-09A3A723AD89}.Debug|Any CPU.ActiveCfg = Debug|Any CPU
		{AE4932D9-4D29-4F48-A6C4-09A3A723AD89}.Debug|Any CPU.Build.0 = Debug|Any CPU
		{AE4932D9-4D29-4F48-A6C4-09A3A723AD89}.Release|Any CPU.ActiveCfg = Release|Any CPU
		{AE4932D9-4D29-4F48-A6C4-09A3A723AD89}.Release|Any CPU.Build.0 = Release|Any CPU
		{CB49BA51-C651-4A63-9760-E72BEAFD3CA9}.Debug|Any CPU.ActiveCfg = Debug|Any CPU
		{CB49BA51-C651-4A63-9760-E72BEAFD3CA9}.Debug|Any CPU.Build.0 = Debug|Any CPU
		{CB49BA51-C651-4A63-9760-E72BEAFD3CA9}.Release|Any CPU.ActiveCfg = Release|Any CPU
		{CB49BA51-C651-4A63-9760-E72BEAFD3CA9}.Release|Any CPU.Build.0 = Release|Any CPU
		{25230F83-4A11-4951-AF07-3752774D83CF}.Debug|Any CPU.ActiveCfg = Debug|Any CPU
		{25230F83-4A11-4951-AF07-3752774D83CF}.Debug|Any CPU.Build.0 = Debug|Any CPU
		{25230F83-4A11-4951-AF07-3752774D83CF}.Release|Any CPU.ActiveCfg = Release|Any CPU
		{25230F83-4A11-4951-AF07-3752774D83CF}.Release|Any CPU.Build.0 = Release|Any CPU
		{D6D42CDF-A1BB-4032-8A3B-DDAF7CF1859E}.Debug|Any CPU.ActiveCfg = Debug|Any CPU
		{D6D42CDF-A1BB-4032-8A3B-DDAF7CF1859E}.Debug|Any CPU.Build.0 = Debug|Any CPU
		{D6D42CDF-A1BB-4032-8A3B-DDAF7CF1859E}.Release|Any CPU.ActiveCfg = Release|Any CPU
		{D6D42CDF-A1BB-4032-8A3B-DDAF7CF1859E}.Release|Any CPU.Build.0 = Release|Any CPU
		{193FD473-758A-4382-9AFD-F182D5D377E9}.Debug|Any CPU.ActiveCfg = Debug|Any CPU
		{193FD473-758A-4382-9AFD-F182D5D377E9}.Debug|Any CPU.Build.0 = Debug|Any CPU
		{193FD473-758A-4382-9AFD-F182D5D377E9}.Release|Any CPU.ActiveCfg = Release|Any CPU
		{193FD473-758A-4382-9AFD-F182D5D377E9}.Release|Any CPU.Build.0 = Release|Any CPU
		{20AC0146-163D-45A4-8949-2F0DFB5BE508}.Debug|Any CPU.ActiveCfg = Debug|Any CPU
		{20AC0146-163D-45A4-8949-2F0DFB5BE508}.Debug|Any CPU.Build.0 = Debug|Any CPU
		{20AC0146-163D-45A4-8949-2F0DFB5BE508}.Release|Any CPU.ActiveCfg = Release|Any CPU
		{20AC0146-163D-45A4-8949-2F0DFB5BE508}.Release|Any CPU.Build.0 = Release|Any CPU
		{FF603840-564C-47E1-96AC-F26A2FD0003A}.Debug|Any CPU.ActiveCfg = Debug|Any CPU
		{FF603840-564C-47E1-96AC-F26A2FD0003A}.Debug|Any CPU.Build.0 = Debug|Any CPU
		{FF603840-564C-47E1-96AC-F26A2FD0003A}.Release|Any CPU.ActiveCfg = Release|Any CPU
		{FF603840-564C-47E1-96AC-F26A2FD0003A}.Release|Any CPU.Build.0 = Release|Any CPU
		{7B8366E7-D4EC-4FA8-9C5E-D5807B885927}.Debug|Any CPU.ActiveCfg = Debug|Any CPU
		{7B8366E7-D4EC-4FA8-9C5E-D5807B885927}.Debug|Any CPU.Build.0 = Debug|Any CPU
		{7B8366E7-D4EC-4FA8-9C5E-D5807B885927}.Release|Any CPU.ActiveCfg = Release|Any CPU
		{7B8366E7-D4EC-4FA8-9C5E-D5807B885927}.Release|Any CPU.Build.0 = Release|Any CPU
		{08D4326A-BC56-4035-85C6-00429641BE7B}.Debug|Any CPU.ActiveCfg = Debug|Any CPU
		{08D4326A-BC56-4035-85C6-00429641BE7B}.Debug|Any CPU.Build.0 = Debug|Any CPU
		{08D4326A-BC56-4035-85C6-00429641BE7B}.Release|Any CPU.ActiveCfg = Release|Any CPU
		{08D4326A-BC56-4035-85C6-00429641BE7B}.Release|Any CPU.Build.0 = Release|Any CPU
		{12D91F74-6471-49AB-A066-514D73ACC58F}.Debug|Any CPU.ActiveCfg = Debug|Any CPU
		{12D91F74-6471-49AB-A066-514D73ACC58F}.Debug|Any CPU.Build.0 = Debug|Any CPU
		{12D91F74-6471-49AB-A066-514D73ACC58F}.Release|Any CPU.ActiveCfg = Release|Any CPU
		{12D91F74-6471-49AB-A066-514D73ACC58F}.Release|Any CPU.Build.0 = Release|Any CPU
		{BA21278A-2F82-4DDB-B9B9-79A8AB63CF8D}.Debug|Any CPU.ActiveCfg = Debug|Any CPU
		{BA21278A-2F82-4DDB-B9B9-79A8AB63CF8D}.Debug|Any CPU.Build.0 = Debug|Any CPU
		{BA21278A-2F82-4DDB-B9B9-79A8AB63CF8D}.Release|Any CPU.ActiveCfg = Release|Any CPU
		{BA21278A-2F82-4DDB-B9B9-79A8AB63CF8D}.Release|Any CPU.Build.0 = Release|Any CPU
		{9D127BE9-2D6F-4624-BAF4-314A9FC296A9}.Debug|Any CPU.ActiveCfg = Debug|Any CPU
		{9D127BE9-2D6F-4624-BAF4-314A9FC296A9}.Debug|Any CPU.Build.0 = Debug|Any CPU
		{9D127BE9-2D6F-4624-BAF4-314A9FC296A9}.Release|Any CPU.ActiveCfg = Release|Any CPU
		{9D127BE9-2D6F-4624-BAF4-314A9FC296A9}.Release|Any CPU.Build.0 = Release|Any CPU
		{A5B71B20-D8C9-4FB1-82D6-14A0CC5CB58B}.Debug|Any CPU.ActiveCfg = Debug|Any CPU
		{A5B71B20-D8C9-4FB1-82D6-14A0CC5CB58B}.Debug|Any CPU.Build.0 = Debug|Any CPU
		{A5B71B20-D8C9-4FB1-82D6-14A0CC5CB58B}.Release|Any CPU.ActiveCfg = Release|Any CPU
		{A5B71B20-D8C9-4FB1-82D6-14A0CC5CB58B}.Release|Any CPU.Build.0 = Release|Any CPU
		{FF2046D9-604E-47BB-ABDD-6BDB04F739F0}.Debug|Any CPU.ActiveCfg = Debug|Any CPU
		{FF2046D9-604E-47BB-ABDD-6BDB04F739F0}.Debug|Any CPU.Build.0 = Debug|Any CPU
		{FF2046D9-604E-47BB-ABDD-6BDB04F739F0}.Release|Any CPU.ActiveCfg = Release|Any CPU
		{FF2046D9-604E-47BB-ABDD-6BDB04F739F0}.Release|Any CPU.Build.0 = Release|Any CPU
		{7D4F460F-3B1B-45A8-906F-EA37829EE15A}.Debug|Any CPU.ActiveCfg = Debug|Any CPU
		{7D4F460F-3B1B-45A8-906F-EA37829EE15A}.Debug|Any CPU.Build.0 = Debug|Any CPU
		{7D4F460F-3B1B-45A8-906F-EA37829EE15A}.Release|Any CPU.ActiveCfg = Release|Any CPU
		{7D4F460F-3B1B-45A8-906F-EA37829EE15A}.Release|Any CPU.Build.0 = Release|Any CPU
		{6B416B27-D571-4237-A8A3-1180458422AA}.Debug|Any CPU.ActiveCfg = Debug|Any CPU
		{6B416B27-D571-4237-A8A3-1180458422AA}.Debug|Any CPU.Build.0 = Debug|Any CPU
		{6B416B27-D571-4237-A8A3-1180458422AA}.Release|Any CPU.ActiveCfg = Release|Any CPU
		{6B416B27-D571-4237-A8A3-1180458422AA}.Release|Any CPU.Build.0 = Release|Any CPU
		{48B72E3F-A0C6-4343-9B37-A695EFB17500}.Debug|Any CPU.ActiveCfg = Debug|Any CPU
		{48B72E3F-A0C6-4343-9B37-A695EFB17500}.Debug|Any CPU.Build.0 = Debug|Any CPU
		{48B72E3F-A0C6-4343-9B37-A695EFB17500}.Release|Any CPU.ActiveCfg = Release|Any CPU
		{48B72E3F-A0C6-4343-9B37-A695EFB17500}.Release|Any CPU.Build.0 = Release|Any CPU
		{8218434D-746A-4B94-92CF-E8F1E4390059}.Debug|Any CPU.ActiveCfg = Debug|Any CPU
		{8218434D-746A-4B94-92CF-E8F1E4390059}.Debug|Any CPU.Build.0 = Debug|Any CPU
		{8218434D-746A-4B94-92CF-E8F1E4390059}.Release|Any CPU.ActiveCfg = Release|Any CPU
		{8218434D-746A-4B94-92CF-E8F1E4390059}.Release|Any CPU.Build.0 = Release|Any CPU
		{D4394ED3-EC18-47EC-89A3-BA935E6C3A61}.Debug|Any CPU.ActiveCfg = Debug|Any CPU
		{D4394ED3-EC18-47EC-89A3-BA935E6C3A61}.Debug|Any CPU.Build.0 = Debug|Any CPU
		{D4394ED3-EC18-47EC-89A3-BA935E6C3A61}.Release|Any CPU.ActiveCfg = Release|Any CPU
		{D4394ED3-EC18-47EC-89A3-BA935E6C3A61}.Release|Any CPU.Build.0 = Release|Any CPU
		{AC1F495A-43E6-4509-B7EB-E961C7D1BD24}.Debug|Any CPU.ActiveCfg = Debug|Any CPU
		{AC1F495A-43E6-4509-B7EB-E961C7D1BD24}.Debug|Any CPU.Build.0 = Debug|Any CPU
		{AC1F495A-43E6-4509-B7EB-E961C7D1BD24}.Release|Any CPU.ActiveCfg = Release|Any CPU
		{AC1F495A-43E6-4509-B7EB-E961C7D1BD24}.Release|Any CPU.Build.0 = Release|Any CPU
	EndGlobalSection
	GlobalSection(NestedProjects) = preSolution
		{DC4C503F-9820-4828-B77F-1954B94F15B5} = {062191CF-BADC-4077-98CD-00AE07E52F02}
		{670CD9CE-EA89-4DE0-BBF6-5E374D0BE2C1} = {18C3AB8F-9D5F-4179-8217-EC1C65DB4103}
		{98DED9E2-4571-462C-A884-BBF782786F95} = {062191CF-BADC-4077-98CD-00AE07E52F02}
		{F6FE13CA-0CAF-474D-8077-A7D6CC836AF4} = {062191CF-BADC-4077-98CD-00AE07E52F02}
		{EA7F46DF-6829-463B-9795-3878E206F747} = {98DED9E2-4571-462C-A884-BBF782786F95}
		{0F15FD8B-29D4-411E-BF91-75F8482321E2} = {18C3AB8F-9D5F-4179-8217-EC1C65DB4103}
		{A03BDA7C-2421-4A88-8E6F-8BF432C59162} = {0F15FD8B-29D4-411E-BF91-75F8482321E2}
		{A145B4EF-D5D2-4939-9F06-3C48B4E02C1B} = {18C3AB8F-9D5F-4179-8217-EC1C65DB4103}
		{C5974C2E-0951-46AC-9171-6F4BF732718F} = {18C3AB8F-9D5F-4179-8217-EC1C65DB4103}
		{AE240B84-E4CE-4CF6-B540-D5AD345053C0} = {062191CF-BADC-4077-98CD-00AE07E52F02}
		{5531F1EC-44C1-4A84-99C0-02FD54BFB961} = {AE240B84-E4CE-4CF6-B540-D5AD345053C0}
		{5B66FDE5-1E65-4189-A0EA-61111F200B68} = {98DED9E2-4571-462C-A884-BBF782786F95}
		{B440FB8B-D9A0-4379-AEE0-9B8EBEBDA646} = {98DED9E2-4571-462C-A884-BBF782786F95}
		{F153565C-DC88-4513-A8E0-FDD74EC57B1F} = {98DED9E2-4571-462C-A884-BBF782786F95}
		{D7D3F0CE-2EB3-4F09-8B24-3F28755D41D6} = {98DED9E2-4571-462C-A884-BBF782786F95}
		{AE4932D9-4D29-4F48-A6C4-09A3A723AD89} = {98DED9E2-4571-462C-A884-BBF782786F95}
		{CB49BA51-C651-4A63-9760-E72BEAFD3CA9} = {98DED9E2-4571-462C-A884-BBF782786F95}
		{25230F83-4A11-4951-AF07-3752774D83CF} = {98DED9E2-4571-462C-A884-BBF782786F95}
		{D6D42CDF-A1BB-4032-8A3B-DDAF7CF1859E} = {670CD9CE-EA89-4DE0-BBF6-5E374D0BE2C1}
		{193FD473-758A-4382-9AFD-F182D5D377E9} = {670CD9CE-EA89-4DE0-BBF6-5E374D0BE2C1}
		{20AC0146-163D-45A4-8949-2F0DFB5BE508} = {670CD9CE-EA89-4DE0-BBF6-5E374D0BE2C1}
		{FF603840-564C-47E1-96AC-F26A2FD0003A} = {670CD9CE-EA89-4DE0-BBF6-5E374D0BE2C1}
		{7B8366E7-D4EC-4FA8-9C5E-D5807B885927} = {670CD9CE-EA89-4DE0-BBF6-5E374D0BE2C1}
		{08D4326A-BC56-4035-85C6-00429641BE7B} = {670CD9CE-EA89-4DE0-BBF6-5E374D0BE2C1}
		{12D91F74-6471-49AB-A066-514D73ACC58F} = {670CD9CE-EA89-4DE0-BBF6-5E374D0BE2C1}
		{BA21278A-2F82-4DDB-B9B9-79A8AB63CF8D} = {670CD9CE-EA89-4DE0-BBF6-5E374D0BE2C1}
		{9D127BE9-2D6F-4624-BAF4-314A9FC296A9} = {670CD9CE-EA89-4DE0-BBF6-5E374D0BE2C1}
		{A5B71B20-D8C9-4FB1-82D6-14A0CC5CB58B} = {670CD9CE-EA89-4DE0-BBF6-5E374D0BE2C1}
		{FF2046D9-604E-47BB-ABDD-6BDB04F739F0} = {670CD9CE-EA89-4DE0-BBF6-5E374D0BE2C1}
		{7D4F460F-3B1B-45A8-906F-EA37829EE15A} = {670CD9CE-EA89-4DE0-BBF6-5E374D0BE2C1}
		{6B416B27-D571-4237-A8A3-1180458422AA} = {670CD9CE-EA89-4DE0-BBF6-5E374D0BE2C1}
		{48B72E3F-A0C6-4343-9B37-A695EFB17500} = {670CD9CE-EA89-4DE0-BBF6-5E374D0BE2C1}
		{8218434D-746A-4B94-92CF-E8F1E4390059} = {670CD9CE-EA89-4DE0-BBF6-5E374D0BE2C1}
		{D4394ED3-EC18-47EC-89A3-BA935E6C3A61} = {1362AFE2-1C06-46E7-BD39-83519F210F20}
		{AC1F495A-43E6-4509-B7EB-E961C7D1BD24} = {1362AFE2-1C06-46E7-BD39-83519F210F20}
	EndGlobalSection
EndGlobal
